
Microsoft Visual Studio Solution File, Format Version 12.00
# Visual Studio Version 17
VisualStudioVersion = 17.10.35013.160
MinimumVisualStudioVersion = 10.0.40219.1
Project("{9A19103F-16F7-4668-BE54-9A1E7A4F7556}") = "CalcularNumeros", "CalcularNumeros.csproj", "{492482CA-0219-453E-8268-3FFA246BA2D2}"
EndProject
Project("{9A19103F-16F7-4668-BE54-9A1E7A4F7556}") = "PrecioProducto", "..\PrecioProducto\PrecioProducto.csproj", "{B5C3D1F2-D1FE-46DD-8263-D8F2FBA78E07}"
EndProject
Project("{9A19103F-16F7-4668-BE54-9A1E7A4F7556}") = "CalcularPromedios", "..\CalcularPromedios\CalcularPromedios.csproj", "{BA897055-9F90-48E6-9500-77E74F596659}"
EndProject
Project("{2150E333-8FDC-42A3-9474-1A3956D46DE8}") = "Programacion Secuencial", "Programacion Secuencial", "{9DFD9F2F-4DE4-4B3C-A36A-855885BBCF41}"
EndProject
Project("{2150E333-8FDC-42A3-9474-1A3956D46DE8}") = "Programacion Condicional", "Programacion Condicional", "{E84E8541-859D-4E8D-A97F-8170FD514590}"
EndProject
Project("{FAE04EC0-301F-11D3-BF4B-00C04F79EFBC}") = "SolicitarNumeros", "..\SolicitarNumeros\SolicitarNumeros.csproj", "{45C8E7CD-5861-4252-A155-09F8AC67DA1E}"
EndProject
Project("{FAE04EC0-301F-11D3-BF4B-00C04F79EFBC}") = "CalcularPromedio", "..\CalcularPromedio\CalcularPromedio.csproj", "{450C7330-94A2-4E67-B2B0-5A8137352429}"
EndProject
Project("{FAE04EC0-301F-11D3-BF4B-00C04F79EFBC}") = "CalcularNivel", "..\CalcularNivel\CalcularNivel.csproj", "{3EB91993-31C5-47B8-9728-0211A209D1A1}"
EndProject
Global
	GlobalSection(SolutionConfigurationPlatforms) = preSolution
		Debug|Any CPU = Debug|Any CPU
		Release|Any CPU = Release|Any CPU
	EndGlobalSection
	GlobalSection(ProjectConfigurationPlatforms) = postSolution
		{492482CA-0219-453E-8268-3FFA246BA2D2}.Debug|Any CPU.ActiveCfg = Debug|Any CPU
		{492482CA-0219-453E-8268-3FFA246BA2D2}.Debug|Any CPU.Build.0 = Debug|Any CPU
		{492482CA-0219-453E-8268-3FFA246BA2D2}.Release|Any CPU.ActiveCfg = Release|Any CPU
		{492482CA-0219-453E-8268-3FFA246BA2D2}.Release|Any CPU.Build.0 = Release|Any CPU
		{B5C3D1F2-D1FE-46DD-8263-D8F2FBA78E07}.Debug|Any CPU.ActiveCfg = Debug|Any CPU
		{B5C3D1F2-D1FE-46DD-8263-D8F2FBA78E07}.Debug|Any CPU.Build.0 = Debug|Any CPU
		{B5C3D1F2-D1FE-46DD-8263-D8F2FBA78E07}.Release|Any CPU.ActiveCfg = Release|Any CPU
		{B5C3D1F2-D1FE-46DD-8263-D8F2FBA78E07}.Release|Any CPU.Build.0 = Release|Any CPU
		{BA897055-9F90-48E6-9500-77E74F596659}.Debug|Any CPU.ActiveCfg = Debug|Any CPU
		{BA897055-9F90-48E6-9500-77E74F596659}.Debug|Any CPU.Build.0 = Debug|Any CPU
		{BA897055-9F90-48E6-9500-77E74F596659}.Release|Any CPU.ActiveCfg = Release|Any CPU
		{BA897055-9F90-48E6-9500-77E74F596659}.Release|Any CPU.Build.0 = Release|Any CPU
		{45C8E7CD-5861-4252-A155-09F8AC67DA1E}.Debug|Any CPU.ActiveCfg = Debug|Any CPU
		{45C8E7CD-5861-4252-A155-09F8AC67DA1E}.Debug|Any CPU.Build.0 = Debug|Any CPU
		{45C8E7CD-5861-4252-A155-09F8AC67DA1E}.Release|Any CPU.ActiveCfg = Release|Any CPU
		{45C8E7CD-5861-4252-A155-09F8AC67DA1E}.Release|Any CPU.Build.0 = Release|Any CPU
		{450C7330-94A2-4E67-B2B0-5A8137352429}.Debug|Any CPU.ActiveCfg = Debug|Any CPU
		{450C7330-94A2-4E67-B2B0-5A8137352429}.Debug|Any CPU.Build.0 = Debug|Any CPU
		{450C7330-94A2-4E67-B2B0-5A8137352429}.Release|Any CPU.ActiveCfg = Release|Any CPU
		{450C7330-94A2-4E67-B2B0-5A8137352429}.Release|Any CPU.Build.0 = Release|Any CPU
		{3EB91993-31C5-47B8-9728-0211A209D1A1}.Debug|Any CPU.ActiveCfg = Debug|Any CPU
		{3EB91993-31C5-47B8-9728-0211A209D1A1}.Debug|Any CPU.Build.0 = Debug|Any CPU
		{3EB91993-31C5-47B8-9728-0211A209D1A1}.Release|Any CPU.ActiveCfg = Release|Any CPU
		{3EB91993-31C5-47B8-9728-0211A209D1A1}.Release|Any CPU.Build.0 = Release|Any CPU
	EndGlobalSection
	GlobalSection(SolutionProperties) = preSolution
		HideSolutionNode = FALSE
	EndGlobalSection
	GlobalSection(NestedProjects) = preSolution
		{492482CA-0219-453E-8268-3FFA246BA2D2} = {9DFD9F2F-4DE4-4B3C-A36A-855885BBCF41}
		{B5C3D1F2-D1FE-46DD-8263-D8F2FBA78E07} = {9DFD9F2F-4DE4-4B3C-A36A-855885BBCF41}
		{BA897055-9F90-48E6-9500-77E74F596659} = {9DFD9F2F-4DE4-4B3C-A36A-855885BBCF41}
		{45C8E7CD-5861-4252-A155-09F8AC67DA1E} = {E84E8541-859D-4E8D-A97F-8170FD514590}
		{450C7330-94A2-4E67-B2B0-5A8137352429} = {E84E8541-859D-4E8D-A97F-8170FD514590}
		{3EB91993-31C5-47B8-9728-0211A209D1A1} = {E84E8541-859D-4E8D-A97F-8170FD514590}
	EndGlobalSection
	GlobalSection(ExtensibilityGlobals) = postSolution
		SolutionGuid = {F371185F-165B-4E45-9759-393413A861D6}
	EndGlobalSection
EndGlobal
