
Microsoft Visual Studio Solution File, Format Version 12.00
# Visual Studio Version 17
VisualStudioVersion = 17.10.35013.160
MinimumVisualStudioVersion = 10.0.40219.1
Project("{9A19103F-16F7-4668-BE54-9A1E7A4F7556}") = "CalcularNumeros", "CalcularNumeros.csproj", "{492482CA-0219-453E-8268-3FFA246BA2D2}"
EndProject
Project("{FAE04EC0-301F-11D3-BF4B-00C04F79EFBC}") = "PrecioProducto", "..\PrecioProducto\PrecioProducto.csproj", "{B5C3D1F2-D1FE-46DD-8263-D8F2FBA78E07}"
EndProject
Project("{FAE04EC0-301F-11D3-BF4B-00C04F79EFBC}") = "CalcularPromedios", "..\CalcularPromedios\CalcularPromedios.csproj", "{BA897055-9F90-48E6-9500-77E74F596659}"
EndProject
Global
	GlobalSection(SolutionConfigurationPlatforms) = preSolution
		Debug|Any CPU = Debug|Any CPU
		Release|Any CPU = Release|Any CPU
	EndGlobalSection
	GlobalSection(ProjectConfigurationPlatforms) = postSolution
		{492482CA-0219-453E-8268-3FFA246BA2D2}.Debug|Any CPU.ActiveCfg = Debug|Any CPU
		{492482CA-0219-453E-8268-3FFA246BA2D2}.Debug|Any CPU.Build.0 = Debug|Any CPU
		{492482CA-0219-453E-8268-3FFA246BA2D2}.Release|Any CPU.ActiveCfg = Release|Any CPU
		{492482CA-0219-453E-8268-3FFA246BA2D2}.Release|Any CPU.Build.0 = Release|Any CPU
		{B5C3D1F2-D1FE-46DD-8263-D8F2FBA78E07}.Debug|Any CPU.ActiveCfg = Debug|Any CPU
		{B5C3D1F2-D1FE-46DD-8263-D8F2FBA78E07}.Debug|Any CPU.Build.0 = Debug|Any CPU
		{B5C3D1F2-D1FE-46DD-8263-D8F2FBA78E07}.Release|Any CPU.ActiveCfg = Release|Any CPU
		{B5C3D1F2-D1FE-46DD-8263-D8F2FBA78E07}.Release|Any CPU.Build.0 = Release|Any CPU
		{BA897055-9F90-48E6-9500-77E74F596659}.Debug|Any CPU.ActiveCfg = Debug|Any CPU
		{BA897055-9F90-48E6-9500-77E74F596659}.Debug|Any CPU.Build.0 = Debug|Any CPU
		{BA897055-9F90-48E6-9500-77E74F596659}.Release|Any CPU.ActiveCfg = Release|Any CPU
		{BA897055-9F90-48E6-9500-77E74F596659}.Release|Any CPU.Build.0 = Release|Any CPU
	EndGlobalSection
	GlobalSection(SolutionProperties) = preSolution
		HideSolutionNode = FALSE
	EndGlobalSection
	GlobalSection(ExtensibilityGlobals) = postSolution
		SolutionGuid = {F371185F-165B-4E45-9759-393413A861D6}
	EndGlobalSection
EndGlobal
