
Microsoft Visual Studio Solution File, Format Version 12.00
# Visual Studio Version 17
VisualStudioVersion = 17.10.35013.160
MinimumVisualStudioVersion = 10.0.40219.1
Project("{9A19103F-16F7-4668-BE54-9A1E7A4F7556}") = "CalcularNumeros", "CalcularNumeros.csproj", "{492482CA-0219-453E-8268-3FFA246BA2D2}"
EndProject
Project("{9A19103F-16F7-4668-BE54-9A1E7A4F7556}") = "PrecioProducto", "..\PrecioProducto\PrecioProducto.csproj", "{B5C3D1F2-D1FE-46DD-8263-D8F2FBA78E07}"
EndProject
Project("{9A19103F-16F7-4668-BE54-9A1E7A4F7556}") = "CalcularPromedios", "..\CalcularPromedios\CalcularPromedios.csproj", "{BA897055-9F90-48E6-9500-77E74F596659}"
EndProject
Project("{2150E333-8FDC-42A3-9474-1A3956D46DE8}") = "Programacion Secuencial", "Programacion Secuencial", "{9DFD9F2F-4DE4-4B3C-A36A-855885BBCF41}"
EndProject
Project("{2150E333-8FDC-42A3-9474-1A3956D46DE8}") = "Programacion Condicional", "Programacion Condicional", "{344241E3-2565-489C-9312-087E71C215EB}"
EndProject
Project("{2150E333-8FDC-42A3-9474-1A3956D46DE8}") = "BuclesFor", "BuclesFor", "{294348AF-33E6-44A1-AE1B-ECAE4D6B71FB}"
EndProject
Project("{9A19103F-16F7-4668-BE54-9A1E7A4F7556}") = "CalcularNivel", "..\..\Programacion Condicional\CalcularNivel\CalcularNivel.csproj", "{41A9B7BE-B995-485E-A945-130CE8055572}"
EndProject
Project("{9A19103F-16F7-4668-BE54-9A1E7A4F7556}") = "CalcularPromedio", "..\..\Programacion Condicional\CalcularPromedio\CalcularPromedio.csproj", "{86DEF141-354D-4529-8965-584D1EAEC27B}"
EndProject
Project("{9A19103F-16F7-4668-BE54-9A1E7A4F7556}") = "SolicitarNumeros", "..\..\Programacion Condicional\SolicitarNumeros\SolicitarNumeros.csproj", "{E773E899-A5CA-48AE-9687-B95BB5512E19}"
EndProject
Project("{9A19103F-16F7-4668-BE54-9A1E7A4F7556}") = "ContarDivisibles", "..\..\BuclesFor\ContarDivisibles\ContarDivisibles.csproj", "{40855005-1788-4250-976D-161068A9087F}"
EndProject
Project("{9A19103F-16F7-4668-BE54-9A1E7A4F7556}") = "ContarTriangulos", "..\..\BuclesFor\ContarTriangulos\ContarTriangulos.csproj", "{C13F2314-BAE3-4F3D-9842-95FF4B80F71B}"
EndProject
Project("{9A19103F-16F7-4668-BE54-9A1E7A4F7556}") = "SumarUltimosCinco", "..\..\BuclesFor\SumarUltimosCinco\SumarUltimosCinco.csproj", "{4615D28F-A7F7-483C-843B-AD0577926B26}"
EndProject
Project("{2150E333-8FDC-42A3-9474-1A3956D46DE8}") = "BuclesWhile", "BuclesWhile", "{0E56CE67-7228-4EE2-B78F-AFDB1BF635B2}"
EndProject
Project("{9A19103F-16F7-4668-BE54-9A1E7A4F7556}") = "CalcularSumaYPromedio", "..\..\BuclesWhile\CalcularSumaYPromedio\CalcularSumaYPromedio.csproj", "{63CA5B45-7035-4E21-9909-A2EE02469ECB}"
EndProject
Project("{9A19103F-16F7-4668-BE54-9A1E7A4F7556}") = "ContarPiezasAptas", "..\..\BuclesWhile\ContarPiezasAptas\ContarPiezasAptas.csproj", "{7C0DA45B-E834-47FF-B0D1-CA524794C877}"
EndProject
Project("{2150E333-8FDC-42A3-9474-1A3956D46DE8}") = "SueldosEmpleadosYTriangulo", "SueldosEmpleadosYTriangulo", "{F0139026-5509-4D82-B061-7DEEC8D9922C}"
EndProject
Project("{9A19103F-16F7-4668-BE54-9A1E7A4F7556}") = "SueldoEmpleados", "..\..\SueldosEmpleadosYTriangulo\SueldoEmpleados\SueldoEmpleados.csproj", "{A78DE7D2-D78F-4F9A-BF0F-23DCD4A89A4F}"
EndProject
Project("{9A19103F-16F7-4668-BE54-9A1E7A4F7556}") = "BaseAlturaArea", "..\..\SueldosEmpleadosYTriangulo\BaseAlturaArea\BaseAlturaArea.csproj", "{BAB3775E-BE2F-4E7B-AF7B-CB7D737A3C86}"
EndProject
Project("{2150E333-8FDC-42A3-9474-1A3956D46DE8}") = "Arreglos", "Arreglos", "{E5AD9122-6845-4955-B94D-0E6C34789FE6}"
EndProject
Project("{9A19103F-16F7-4668-BE54-9A1E7A4F7556}") = "InicArreglo", "..\..\Arreglos\InicArreglo\InicArreglo.csproj", "{F7474289-8689-4F90-B0DA-3A07D9D63CFF}"
EndProject
Project("{9A19103F-16F7-4668-BE54-9A1E7A4F7556}") = "InicArreglo2", "..\..\Arreglos\InicArreglo2\InicArreglo2.csproj", "{D1F95323-3C4E-4C3E-91DE-7D8BA81DD9DB}"
EndProject
Project("{9A19103F-16F7-4668-BE54-9A1E7A4F7556}") = "InicArreglo3", "..\..\Arreglos\InicArreglo3\InicArreglo3.csproj", "{17BE192F-3EF2-426B-B6E9-196753A16EB1}"
EndProject
Project("{9A19103F-16F7-4668-BE54-9A1E7A4F7556}") = "SumaArreglo", "..\..\Arreglos\SumaArreglo\SumaArreglo.csproj", "{DC681DCA-EF58-44BE-8DDC-47630B423D67}"
EndProject
Project("{9A19103F-16F7-4668-BE54-9A1E7A4F7556}") = "GraficoBarras", "..\..\Arreglos\GraficoBarras\GraficoBarras.csproj", "{6D2B188C-1544-42AD-AC32-865E4FAA0615}"
EndProject
Project("{9A19103F-16F7-4668-BE54-9A1E7A4F7556}") = "TirarDado", "..\..\Arreglos\TirarDado\TirarDado.csproj", "{2A473225-A155-4BAE-9FB3-1C730C5451ED}"
EndProject
Project("{9A19103F-16F7-4668-BE54-9A1E7A4F7556}") = "EncuestaEstudiantil", "..\..\Arreglos\EncuestaEstudiantil\EncuestaEstudiantil.csproj", "{0CB943EB-E821-4344-90A0-A8FD00803365}"
EndProject
Project("{2150E333-8FDC-42A3-9474-1A3956D46DE8}") = "Arrays", "Arrays", "{0F4782DB-0964-411E-A151-D81FFD4C9DD2}"
EndProject
Project("{2150E333-8FDC-42A3-9474-1A3956D46DE8}") = "Casos de Estudio", "Casos de Estudio", "{F77A6DAC-0ED3-484D-B293-D0CDCD622D94}"
EndProject
Project("{9A19103F-16F7-4668-BE54-9A1E7A4F7556}") = "CasoDeEstudio1_Carta", "..\..\Casos de Estudio\Caso de Estudio 1 - Carta\CasoDeEstudio1_Carta\CasoDeEstudio1_Carta.csproj", "{44B7B227-B211-43F4-BBC0-6B3D1F02E7F2}"
EndProject
Project("{9A19103F-16F7-4668-BE54-9A1E7A4F7556}") = "CasoDeEstudio2_LibroCalificaciones", "..\..\Casos de Estudio\Caso de Estudio 2 - LibroCalificaciones\CasoDeEstudio2_LibroCalificaciones\CasoDeEstudio2_LibroCalificaciones.csproj", "{BCC321E6-5F0B-4F85-B6D4-A5D1A2A59298}"
EndProject
Project("{9A19103F-16F7-4668-BE54-9A1E7A4F7556}") = "Array1", "..\..\Arrays\Array1\Array1.csproj", "{61BABD2A-C560-4E20-A4B9-0FECC2959FD9}"
EndProject
Project("{9A19103F-16F7-4668-BE54-9A1E7A4F7556}") = "Array2", "..\..\Arrays\Array2\Array2.csproj", "{9A128EDF-A22D-451D-A6CE-229BB6E1BE89}"
EndProject
Project("{9A19103F-16F7-4668-BE54-9A1E7A4F7556}") = "Array3", "..\..\Arrays\Array3\Array3.csproj", "{B8249E3C-E689-490F-B75D-0AE15704F45A}"
EndProject
Project("{2150E333-8FDC-42A3-9474-1A3956D46DE8}") = "Clases", "Clases", "{2D10A85D-FC70-4C31-9A95-435AF002E65C}"
EndProject
Project("{FAE04EC0-301F-11D3-BF4B-00C04F79EFBC}") = "Clases", "..\..\Clases\Clases\Clases.csproj", "{AAECCB44-C2BE-4A6E-BEE2-3C8D302EC2A2}"
EndProject
Global
	GlobalSection(SolutionConfigurationPlatforms) = preSolution
		Debug|Any CPU = Debug|Any CPU
		Release|Any CPU = Release|Any CPU
	EndGlobalSection
	GlobalSection(ProjectConfigurationPlatforms) = postSolution
		{492482CA-0219-453E-8268-3FFA246BA2D2}.Debug|Any CPU.ActiveCfg = Debug|Any CPU
		{492482CA-0219-453E-8268-3FFA246BA2D2}.Debug|Any CPU.Build.0 = Debug|Any CPU
		{492482CA-0219-453E-8268-3FFA246BA2D2}.Release|Any CPU.ActiveCfg = Release|Any CPU
		{492482CA-0219-453E-8268-3FFA246BA2D2}.Release|Any CPU.Build.0 = Release|Any CPU
		{B5C3D1F2-D1FE-46DD-8263-D8F2FBA78E07}.Debug|Any CPU.ActiveCfg = Debug|Any CPU
		{B5C3D1F2-D1FE-46DD-8263-D8F2FBA78E07}.Debug|Any CPU.Build.0 = Debug|Any CPU
		{B5C3D1F2-D1FE-46DD-8263-D8F2FBA78E07}.Release|Any CPU.ActiveCfg = Release|Any CPU
		{B5C3D1F2-D1FE-46DD-8263-D8F2FBA78E07}.Release|Any CPU.Build.0 = Release|Any CPU
		{BA897055-9F90-48E6-9500-77E74F596659}.Debug|Any CPU.ActiveCfg = Debug|Any CPU
		{BA897055-9F90-48E6-9500-77E74F596659}.Debug|Any CPU.Build.0 = Debug|Any CPU
		{BA897055-9F90-48E6-9500-77E74F596659}.Release|Any CPU.ActiveCfg = Release|Any CPU
		{BA897055-9F90-48E6-9500-77E74F596659}.Release|Any CPU.Build.0 = Release|Any CPU
		{41A9B7BE-B995-485E-A945-130CE8055572}.Debug|Any CPU.ActiveCfg = Debug|Any CPU
		{41A9B7BE-B995-485E-A945-130CE8055572}.Debug|Any CPU.Build.0 = Debug|Any CPU
		{41A9B7BE-B995-485E-A945-130CE8055572}.Release|Any CPU.ActiveCfg = Release|Any CPU
		{41A9B7BE-B995-485E-A945-130CE8055572}.Release|Any CPU.Build.0 = Release|Any CPU
		{86DEF141-354D-4529-8965-584D1EAEC27B}.Debug|Any CPU.ActiveCfg = Debug|Any CPU
		{86DEF141-354D-4529-8965-584D1EAEC27B}.Debug|Any CPU.Build.0 = Debug|Any CPU
		{86DEF141-354D-4529-8965-584D1EAEC27B}.Release|Any CPU.ActiveCfg = Release|Any CPU
		{86DEF141-354D-4529-8965-584D1EAEC27B}.Release|Any CPU.Build.0 = Release|Any CPU
		{E773E899-A5CA-48AE-9687-B95BB5512E19}.Debug|Any CPU.ActiveCfg = Debug|Any CPU
		{E773E899-A5CA-48AE-9687-B95BB5512E19}.Debug|Any CPU.Build.0 = Debug|Any CPU
		{E773E899-A5CA-48AE-9687-B95BB5512E19}.Release|Any CPU.ActiveCfg = Release|Any CPU
		{E773E899-A5CA-48AE-9687-B95BB5512E19}.Release|Any CPU.Build.0 = Release|Any CPU
		{40855005-1788-4250-976D-161068A9087F}.Debug|Any CPU.ActiveCfg = Debug|Any CPU
		{40855005-1788-4250-976D-161068A9087F}.Debug|Any CPU.Build.0 = Debug|Any CPU
		{40855005-1788-4250-976D-161068A9087F}.Release|Any CPU.ActiveCfg = Release|Any CPU
		{40855005-1788-4250-976D-161068A9087F}.Release|Any CPU.Build.0 = Release|Any CPU
		{C13F2314-BAE3-4F3D-9842-95FF4B80F71B}.Debug|Any CPU.ActiveCfg = Debug|Any CPU
		{C13F2314-BAE3-4F3D-9842-95FF4B80F71B}.Debug|Any CPU.Build.0 = Debug|Any CPU
		{C13F2314-BAE3-4F3D-9842-95FF4B80F71B}.Release|Any CPU.ActiveCfg = Release|Any CPU
		{C13F2314-BAE3-4F3D-9842-95FF4B80F71B}.Release|Any CPU.Build.0 = Release|Any CPU
		{4615D28F-A7F7-483C-843B-AD0577926B26}.Debug|Any CPU.ActiveCfg = Debug|Any CPU
		{4615D28F-A7F7-483C-843B-AD0577926B26}.Debug|Any CPU.Build.0 = Debug|Any CPU
		{4615D28F-A7F7-483C-843B-AD0577926B26}.Release|Any CPU.ActiveCfg = Release|Any CPU
		{4615D28F-A7F7-483C-843B-AD0577926B26}.Release|Any CPU.Build.0 = Release|Any CPU
		{63CA5B45-7035-4E21-9909-A2EE02469ECB}.Debug|Any CPU.ActiveCfg = Debug|Any CPU
		{63CA5B45-7035-4E21-9909-A2EE02469ECB}.Debug|Any CPU.Build.0 = Debug|Any CPU
		{63CA5B45-7035-4E21-9909-A2EE02469ECB}.Release|Any CPU.ActiveCfg = Release|Any CPU
		{63CA5B45-7035-4E21-9909-A2EE02469ECB}.Release|Any CPU.Build.0 = Release|Any CPU
		{7C0DA45B-E834-47FF-B0D1-CA524794C877}.Debug|Any CPU.ActiveCfg = Debug|Any CPU
		{7C0DA45B-E834-47FF-B0D1-CA524794C877}.Debug|Any CPU.Build.0 = Debug|Any CPU
		{7C0DA45B-E834-47FF-B0D1-CA524794C877}.Release|Any CPU.ActiveCfg = Release|Any CPU
		{7C0DA45B-E834-47FF-B0D1-CA524794C877}.Release|Any CPU.Build.0 = Release|Any CPU
		{A78DE7D2-D78F-4F9A-BF0F-23DCD4A89A4F}.Debug|Any CPU.ActiveCfg = Debug|Any CPU
		{A78DE7D2-D78F-4F9A-BF0F-23DCD4A89A4F}.Debug|Any CPU.Build.0 = Debug|Any CPU
		{A78DE7D2-D78F-4F9A-BF0F-23DCD4A89A4F}.Release|Any CPU.ActiveCfg = Release|Any CPU
		{A78DE7D2-D78F-4F9A-BF0F-23DCD4A89A4F}.Release|Any CPU.Build.0 = Release|Any CPU
		{BAB3775E-BE2F-4E7B-AF7B-CB7D737A3C86}.Debug|Any CPU.ActiveCfg = Debug|Any CPU
		{BAB3775E-BE2F-4E7B-AF7B-CB7D737A3C86}.Debug|Any CPU.Build.0 = Debug|Any CPU
		{BAB3775E-BE2F-4E7B-AF7B-CB7D737A3C86}.Release|Any CPU.ActiveCfg = Release|Any CPU
		{BAB3775E-BE2F-4E7B-AF7B-CB7D737A3C86}.Release|Any CPU.Build.0 = Release|Any CPU
		{F7474289-8689-4F90-B0DA-3A07D9D63CFF}.Debug|Any CPU.ActiveCfg = Debug|Any CPU
		{F7474289-8689-4F90-B0DA-3A07D9D63CFF}.Debug|Any CPU.Build.0 = Debug|Any CPU
		{F7474289-8689-4F90-B0DA-3A07D9D63CFF}.Release|Any CPU.ActiveCfg = Release|Any CPU
		{F7474289-8689-4F90-B0DA-3A07D9D63CFF}.Release|Any CPU.Build.0 = Release|Any CPU
		{D1F95323-3C4E-4C3E-91DE-7D8BA81DD9DB}.Debug|Any CPU.ActiveCfg = Debug|Any CPU
		{D1F95323-3C4E-4C3E-91DE-7D8BA81DD9DB}.Debug|Any CPU.Build.0 = Debug|Any CPU
		{D1F95323-3C4E-4C3E-91DE-7D8BA81DD9DB}.Release|Any CPU.ActiveCfg = Release|Any CPU
		{D1F95323-3C4E-4C3E-91DE-7D8BA81DD9DB}.Release|Any CPU.Build.0 = Release|Any CPU
		{17BE192F-3EF2-426B-B6E9-196753A16EB1}.Debug|Any CPU.ActiveCfg = Debug|Any CPU
		{17BE192F-3EF2-426B-B6E9-196753A16EB1}.Debug|Any CPU.Build.0 = Debug|Any CPU
		{17BE192F-3EF2-426B-B6E9-196753A16EB1}.Release|Any CPU.ActiveCfg = Release|Any CPU
		{17BE192F-3EF2-426B-B6E9-196753A16EB1}.Release|Any CPU.Build.0 = Release|Any CPU
		{DC681DCA-EF58-44BE-8DDC-47630B423D67}.Debug|Any CPU.ActiveCfg = Debug|Any CPU
		{DC681DCA-EF58-44BE-8DDC-47630B423D67}.Debug|Any CPU.Build.0 = Debug|Any CPU
		{DC681DCA-EF58-44BE-8DDC-47630B423D67}.Release|Any CPU.ActiveCfg = Release|Any CPU
		{DC681DCA-EF58-44BE-8DDC-47630B423D67}.Release|Any CPU.Build.0 = Release|Any CPU
		{6D2B188C-1544-42AD-AC32-865E4FAA0615}.Debug|Any CPU.ActiveCfg = Debug|Any CPU
		{6D2B188C-1544-42AD-AC32-865E4FAA0615}.Debug|Any CPU.Build.0 = Debug|Any CPU
		{6D2B188C-1544-42AD-AC32-865E4FAA0615}.Release|Any CPU.ActiveCfg = Release|Any CPU
		{6D2B188C-1544-42AD-AC32-865E4FAA0615}.Release|Any CPU.Build.0 = Release|Any CPU
		{2A473225-A155-4BAE-9FB3-1C730C5451ED}.Debug|Any CPU.ActiveCfg = Debug|Any CPU
		{2A473225-A155-4BAE-9FB3-1C730C5451ED}.Debug|Any CPU.Build.0 = Debug|Any CPU
		{2A473225-A155-4BAE-9FB3-1C730C5451ED}.Release|Any CPU.ActiveCfg = Release|Any CPU
		{2A473225-A155-4BAE-9FB3-1C730C5451ED}.Release|Any CPU.Build.0 = Release|Any CPU
		{0CB943EB-E821-4344-90A0-A8FD00803365}.Debug|Any CPU.ActiveCfg = Debug|Any CPU
		{0CB943EB-E821-4344-90A0-A8FD00803365}.Debug|Any CPU.Build.0 = Debug|Any CPU
		{0CB943EB-E821-4344-90A0-A8FD00803365}.Release|Any CPU.ActiveCfg = Release|Any CPU
		{0CB943EB-E821-4344-90A0-A8FD00803365}.Release|Any CPU.Build.0 = Release|Any CPU
		{44B7B227-B211-43F4-BBC0-6B3D1F02E7F2}.Debug|Any CPU.ActiveCfg = Debug|Any CPU
		{44B7B227-B211-43F4-BBC0-6B3D1F02E7F2}.Debug|Any CPU.Build.0 = Debug|Any CPU
		{44B7B227-B211-43F4-BBC0-6B3D1F02E7F2}.Release|Any CPU.ActiveCfg = Release|Any CPU
		{44B7B227-B211-43F4-BBC0-6B3D1F02E7F2}.Release|Any CPU.Build.0 = Release|Any CPU
		{BCC321E6-5F0B-4F85-B6D4-A5D1A2A59298}.Debug|Any CPU.ActiveCfg = Debug|Any CPU
		{BCC321E6-5F0B-4F85-B6D4-A5D1A2A59298}.Debug|Any CPU.Build.0 = Debug|Any CPU
		{BCC321E6-5F0B-4F85-B6D4-A5D1A2A59298}.Release|Any CPU.ActiveCfg = Release|Any CPU
		{BCC321E6-5F0B-4F85-B6D4-A5D1A2A59298}.Release|Any CPU.Build.0 = Release|Any CPU
		{61BABD2A-C560-4E20-A4B9-0FECC2959FD9}.Debug|Any CPU.ActiveCfg = Debug|Any CPU
		{61BABD2A-C560-4E20-A4B9-0FECC2959FD9}.Debug|Any CPU.Build.0 = Debug|Any CPU
		{61BABD2A-C560-4E20-A4B9-0FECC2959FD9}.Release|Any CPU.ActiveCfg = Release|Any CPU
		{61BABD2A-C560-4E20-A4B9-0FECC2959FD9}.Release|Any CPU.Build.0 = Release|Any CPU
		{9A128EDF-A22D-451D-A6CE-229BB6E1BE89}.Debug|Any CPU.ActiveCfg = Debug|Any CPU
		{9A128EDF-A22D-451D-A6CE-229BB6E1BE89}.Debug|Any CPU.Build.0 = Debug|Any CPU
		{9A128EDF-A22D-451D-A6CE-229BB6E1BE89}.Release|Any CPU.ActiveCfg = Release|Any CPU
		{9A128EDF-A22D-451D-A6CE-229BB6E1BE89}.Release|Any CPU.Build.0 = Release|Any CPU
		{B8249E3C-E689-490F-B75D-0AE15704F45A}.Debug|Any CPU.ActiveCfg = Debug|Any CPU
		{B8249E3C-E689-490F-B75D-0AE15704F45A}.Debug|Any CPU.Build.0 = Debug|Any CPU
		{B8249E3C-E689-490F-B75D-0AE15704F45A}.Release|Any CPU.ActiveCfg = Release|Any CPU
		{B8249E3C-E689-490F-B75D-0AE15704F45A}.Release|Any CPU.Build.0 = Release|Any CPU
		{AAECCB44-C2BE-4A6E-BEE2-3C8D302EC2A2}.Debug|Any CPU.ActiveCfg = Debug|Any CPU
		{AAECCB44-C2BE-4A6E-BEE2-3C8D302EC2A2}.Debug|Any CPU.Build.0 = Debug|Any CPU
		{AAECCB44-C2BE-4A6E-BEE2-3C8D302EC2A2}.Release|Any CPU.ActiveCfg = Release|Any CPU
		{AAECCB44-C2BE-4A6E-BEE2-3C8D302EC2A2}.Release|Any CPU.Build.0 = Release|Any CPU
	EndGlobalSection
	GlobalSection(SolutionProperties) = preSolution
		HideSolutionNode = FALSE
	EndGlobalSection
	GlobalSection(NestedProjects) = preSolution
		{492482CA-0219-453E-8268-3FFA246BA2D2} = {9DFD9F2F-4DE4-4B3C-A36A-855885BBCF41}
		{B5C3D1F2-D1FE-46DD-8263-D8F2FBA78E07} = {9DFD9F2F-4DE4-4B3C-A36A-855885BBCF41}
		{BA897055-9F90-48E6-9500-77E74F596659} = {9DFD9F2F-4DE4-4B3C-A36A-855885BBCF41}
		{41A9B7BE-B995-485E-A945-130CE8055572} = {344241E3-2565-489C-9312-087E71C215EB}
		{86DEF141-354D-4529-8965-584D1EAEC27B} = {344241E3-2565-489C-9312-087E71C215EB}
		{E773E899-A5CA-48AE-9687-B95BB5512E19} = {344241E3-2565-489C-9312-087E71C215EB}
		{40855005-1788-4250-976D-161068A9087F} = {294348AF-33E6-44A1-AE1B-ECAE4D6B71FB}
		{C13F2314-BAE3-4F3D-9842-95FF4B80F71B} = {294348AF-33E6-44A1-AE1B-ECAE4D6B71FB}
		{4615D28F-A7F7-483C-843B-AD0577926B26} = {294348AF-33E6-44A1-AE1B-ECAE4D6B71FB}
		{63CA5B45-7035-4E21-9909-A2EE02469ECB} = {0E56CE67-7228-4EE2-B78F-AFDB1BF635B2}
		{7C0DA45B-E834-47FF-B0D1-CA524794C877} = {0E56CE67-7228-4EE2-B78F-AFDB1BF635B2}
		{A78DE7D2-D78F-4F9A-BF0F-23DCD4A89A4F} = {F0139026-5509-4D82-B061-7DEEC8D9922C}
		{BAB3775E-BE2F-4E7B-AF7B-CB7D737A3C86} = {F0139026-5509-4D82-B061-7DEEC8D9922C}
		{F7474289-8689-4F90-B0DA-3A07D9D63CFF} = {E5AD9122-6845-4955-B94D-0E6C34789FE6}
		{D1F95323-3C4E-4C3E-91DE-7D8BA81DD9DB} = {E5AD9122-6845-4955-B94D-0E6C34789FE6}
		{17BE192F-3EF2-426B-B6E9-196753A16EB1} = {E5AD9122-6845-4955-B94D-0E6C34789FE6}
		{DC681DCA-EF58-44BE-8DDC-47630B423D67} = {E5AD9122-6845-4955-B94D-0E6C34789FE6}
		{6D2B188C-1544-42AD-AC32-865E4FAA0615} = {E5AD9122-6845-4955-B94D-0E6C34789FE6}
		{2A473225-A155-4BAE-9FB3-1C730C5451ED} = {E5AD9122-6845-4955-B94D-0E6C34789FE6}
		{0CB943EB-E821-4344-90A0-A8FD00803365} = {E5AD9122-6845-4955-B94D-0E6C34789FE6}
		{44B7B227-B211-43F4-BBC0-6B3D1F02E7F2} = {F77A6DAC-0ED3-484D-B293-D0CDCD622D94}
		{BCC321E6-5F0B-4F85-B6D4-A5D1A2A59298} = {F77A6DAC-0ED3-484D-B293-D0CDCD622D94}
		{61BABD2A-C560-4E20-A4B9-0FECC2959FD9} = {0F4782DB-0964-411E-A151-D81FFD4C9DD2}
		{9A128EDF-A22D-451D-A6CE-229BB6E1BE89} = {0F4782DB-0964-411E-A151-D81FFD4C9DD2}
		{B8249E3C-E689-490F-B75D-0AE15704F45A} = {0F4782DB-0964-411E-A151-D81FFD4C9DD2}
		{AAECCB44-C2BE-4A6E-BEE2-3C8D302EC2A2} = {2D10A85D-FC70-4C31-9A95-435AF002E65C}
	EndGlobalSection
	GlobalSection(ExtensibilityGlobals) = postSolution
		SolutionGuid = {F371185F-165B-4E45-9759-393413A861D6}
	EndGlobalSection
EndGlobal
