
Microsoft Visual Studio Solution File, Format Version 12.00
# Visual Studio Version 17
VisualStudioVersion = 17.10.35013.160
MinimumVisualStudioVersion = 10.0.40219.1
Project("{FAE04EC0-301F-11D3-BF4B-00C04F79EFBC}") = "Shop.Web", "Shop.Web\Shop.Web.csproj", "{6382D49C-D286-440C-8FED-ECBCDA5A2BB5}"
EndProject
Project("{FAE04EC0-301F-11D3-BF4B-00C04F79EFBC}") = "Shop.DAL", "Shop.DAL\Shop.DAL.csproj", "{F268162B-6056-43F9-BEEC-B1B44AC713A0}"
EndProject
Global
	GlobalSection(SolutionConfigurationPlatforms) = preSolution
		Debug|Any CPU = Debug|Any CPU
		Release|Any CPU = Release|Any CPU
	EndGlobalSection
	GlobalSection(ProjectConfigurationPlatforms) = postSolution
		{6382D49C-D286-440C-8FED-ECBCDA5A2BB5}.Debug|Any CPU.ActiveCfg = Debug|Any CPU
		{6382D49C-D286-440C-8FED-ECBCDA5A2BB5}.Debug|Any CPU.Build.0 = Debug|Any CPU
		{6382D49C-D286-440C-8FED-ECBCDA5A2BB5}.Release|Any CPU.ActiveCfg = Release|Any CPU
		{6382D49C-D286-440C-8FED-ECBCDA5A2BB5}.Release|Any CPU.Build.0 = Release|Any CPU
		{F268162B-6056-43F9-BEEC-B1B44AC713A0}.Debug|Any CPU.ActiveCfg = Debug|Any CPU
		{F268162B-6056-43F9-BEEC-B1B44AC713A0}.Debug|Any CPU.Build.0 = Debug|Any CPU
		{F268162B-6056-43F9-BEEC-B1B44AC713A0}.Release|Any CPU.ActiveCfg = Release|Any CPU
		{F268162B-6056-43F9-BEEC-B1B44AC713A0}.Release|Any CPU.Build.0 = Release|Any CPU
	EndGlobalSection
	GlobalSection(SolutionProperties) = preSolution
		HideSolutionNode = FALSE
	EndGlobalSection
	GlobalSection(ExtensibilityGlobals) = postSolution
		SolutionGuid = {94472DDB-CDC6-4010-B1F4-2F3C4C2DFF91}
	EndGlobalSection
EndGlobal
